// !$*UTF8*$!
{
	archiveVersion = 1;
	classes = {
	};
	objectVersion = 50;
	objects = {

/* Begin PBXBuildFile section */
		3EB05D1F24EEAFDA00B33C4E /* AppDelegate.swift in Sources */ = {isa = PBXBuildFile; fileRef = 3EB05D1E24EEAFDA00B33C4E /* AppDelegate.swift */; };
		3EB05D2124EEAFDA00B33C4E /* SceneDelegate.swift in Sources */ = {isa = PBXBuildFile; fileRef = 3EB05D2024EEAFDA00B33C4E /* SceneDelegate.swift */; };
		3EB05D2524EEAFDC00B33C4E /* Assets.xcassets in Resources */ = {isa = PBXBuildFile; fileRef = 3EB05D2424EEAFDC00B33C4E /* Assets.xcassets */; };
		3EB05D2824EEAFDC00B33C4E /* Preview Assets.xcassets in Resources */ = {isa = PBXBuildFile; fileRef = 3EB05D2724EEAFDC00B33C4E /* Preview Assets.xcassets */; };
		3EB05D2B24EEAFDC00B33C4E /* LaunchScreen.storyboard in Resources */ = {isa = PBXBuildFile; fileRef = 3EB05D2924EEAFDC00B33C4E /* LaunchScreen.storyboard */; };
		3EB05D3624EEAFDC00B33C4E /* Complex_InterfaceTests.swift in Sources */ = {isa = PBXBuildFile; fileRef = 3EB05D3524EEAFDC00B33C4E /* Complex_InterfaceTests.swift */; };
		3EB05D4124EEAFDC00B33C4E /* Complex_InterfaceUITests.swift in Sources */ = {isa = PBXBuildFile; fileRef = 3EB05D4024EEAFDC00B33C4E /* Complex_InterfaceUITests.swift */; };
		3EB05D4F24EEB07A00B33C4E /* CategoryHome.swift in Sources */ = {isa = PBXBuildFile; fileRef = 3EB05D4E24EEB07A00B33C4E /* CategoryHome.swift */; };
		3EB05D5224EEB33E00B33C4E /* Landmark.swift in Sources */ = {isa = PBXBuildFile; fileRef = 3EB05D5124EEB33E00B33C4E /* Landmark.swift */; };
		3EB05D5424EEB36500B33C4E /* Data.swift in Sources */ = {isa = PBXBuildFile; fileRef = 3EB05D5324EEB36500B33C4E /* Data.swift */; };
		3EB05D5624EEB38500B33C4E /* UserData.swift in Sources */ = {isa = PBXBuildFile; fileRef = 3EB05D5524EEB38500B33C4E /* UserData.swift */; };
		3EB05D5A24EEB8B000B33C4E /* CircleImage.swift in Sources */ = {isa = PBXBuildFile; fileRef = 3EB05D5924EEB8B000B33C4E /* CircleImage.swift */; };
		3EB05D5C24EEB8D000B33C4E /* MapView.swift in Sources */ = {isa = PBXBuildFile; fileRef = 3EB05D5B24EEB8D000B33C4E /* MapView.swift */; };
		3EB05D5E24EEB8EF00B33C4E /* LandmarkList.swift in Sources */ = {isa = PBXBuildFile; fileRef = 3EB05D5D24EEB8EF00B33C4E /* LandmarkList.swift */; };
		3EB05D6024EEB91500B33C4E /* LandmarkRow.swift in Sources */ = {isa = PBXBuildFile; fileRef = 3EB05D5F24EEB91500B33C4E /* LandmarkRow.swift */; };
		3EB05D6224EEB93200B33C4E /* LandmarkDetail.swift in Sources */ = {isa = PBXBuildFile; fileRef = 3EB05D6124EEB93200B33C4E /* LandmarkDetail.swift */; };
		3EB05D6524EEB97000B33C4E /* landmarkData.json in Resources */ = {isa = PBXBuildFile; fileRef = 3EB05D6424EEB97000B33C4E /* landmarkData.json */; };
		3EB05D6924EEBB0B00B33C4E /* CategoryRow.swift in Sources */ = {isa = PBXBuildFile; fileRef = 3EB05D6824EEBB0B00B33C4E /* CategoryRow.swift */; };
		3EB05D7624EEC24700B33C4E /* hiddenlake.jpg in Resources */ = {isa = PBXBuildFile; fileRef = 3EB05D6A24EEC24600B33C4E /* hiddenlake.jpg */; };
		3EB05D7724EEC24700B33C4E /* chilkoottrail.jpg in Resources */ = {isa = PBXBuildFile; fileRef = 3EB05D6B24EEC24600B33C4E /* chilkoottrail.jpg */; };
		3EB05D7824EEC24700B33C4E /* rainbowlake.jpg in Resources */ = {isa = PBXBuildFile; fileRef = 3EB05D6C24EEC24600B33C4E /* rainbowlake.jpg */; };
		3EB05D7924EEC24700B33C4E /* charleyrivers.jpg in Resources */ = {isa = PBXBuildFile; fileRef = 3EB05D6D24EEC24600B33C4E /* charleyrivers.jpg */; };
		3EB05D7A24EEC24700B33C4E /* silversalmoncreek.jpg in Resources */ = {isa = PBXBuildFile; fileRef = 3EB05D6E24EEC24600B33C4E /* silversalmoncreek.jpg */; };
		3EB05D7B24EEC24700B33C4E /* umbagog.jpg in Resources */ = {isa = PBXBuildFile; fileRef = 3EB05D6F24EEC24600B33C4E /* umbagog.jpg */; };
		3EB05D7C24EEC24700B33C4E /* stmarylake.jpg in Resources */ = {isa = PBXBuildFile; fileRef = 3EB05D7024EEC24600B33C4E /* stmarylake.jpg */; };
		3EB05D7D24EEC24700B33C4E /* icybay.jpg in Resources */ = {isa = PBXBuildFile; fileRef = 3EB05D7124EEC24600B33C4E /* icybay.jpg */; };
		3EB05D7E24EEC24700B33C4E /* chincoteague.jpg in Resources */ = {isa = PBXBuildFile; fileRef = 3EB05D7224EEC24600B33C4E /* chincoteague.jpg */; };
		3EB05D7F24EEC24700B33C4E /* twinlake.jpg in Resources */ = {isa = PBXBuildFile; fileRef = 3EB05D7324EEC24600B33C4E /* twinlake.jpg */; };
		3EB05D8024EEC24700B33C4E /* turtlerock.jpg in Resources */ = {isa = PBXBuildFile; fileRef = 3EB05D7424EEC24600B33C4E /* turtlerock.jpg */; };
		3EB05D8124EEC24700B33C4E /* lakemcdonald.jpg in Resources */ = {isa = PBXBuildFile; fileRef = 3EB05D7524EEC24700B33C4E /* lakemcdonald.jpg */; };
/* End PBXBuildFile section */

/* Begin PBXContainerItemProxy section */
		3EB05D3224EEAFDC00B33C4E /* PBXContainerItemProxy */ = {
			isa = PBXContainerItemProxy;
			containerPortal = 3EB05D1324EEAFDA00B33C4E /* Project object */;
			proxyType = 1;
			remoteGlobalIDString = 3EB05D1A24EEAFDA00B33C4E;
			remoteInfo = "Complex Interface";
		};
		3EB05D3D24EEAFDC00B33C4E /* PBXContainerItemProxy */ = {
			isa = PBXContainerItemProxy;
			containerPortal = 3EB05D1324EEAFDA00B33C4E /* Project object */;
			proxyType = 1;
			remoteGlobalIDString = 3EB05D1A24EEAFDA00B33C4E;
			remoteInfo = "Complex Interface";
		};
/* End PBXContainerItemProxy section */

/* Begin PBXFileReference section */
		3EB05D1B24EEAFDA00B33C4E /* Complex Interface.app */ = {isa = PBXFileReference; explicitFileType = wrapper.application; includeInIndex = 0; path = "Complex Interface.app"; sourceTree = BUILT_PRODUCTS_DIR; };
		3EB05D1E24EEAFDA00B33C4E /* AppDelegate.swift */ = {isa = PBXFileReference; lastKnownFileType = sourcecode.swift; path = AppDelegate.swift; sourceTree = "<group>"; };
		3EB05D2024EEAFDA00B33C4E /* SceneDelegate.swift */ = {isa = PBXFileReference; lastKnownFileType = sourcecode.swift; path = SceneDelegate.swift; sourceTree = "<group>"; };
		3EB05D2424EEAFDC00B33C4E /* Assets.xcassets */ = {isa = PBXFileReference; lastKnownFileType = folder.assetcatalog; path = Assets.xcassets; sourceTree = "<group>"; };
		3EB05D2724EEAFDC00B33C4E /* Preview Assets.xcassets */ = {isa = PBXFileReference; lastKnownFileType = folder.assetcatalog; path = "Preview Assets.xcassets"; sourceTree = "<group>"; };
		3EB05D2A24EEAFDC00B33C4E /* Base */ = {isa = PBXFileReference; lastKnownFileType = file.storyboard; name = Base; path = Base.lproj/LaunchScreen.storyboard; sourceTree = "<group>"; };
		3EB05D2C24EEAFDC00B33C4E /* Info.plist */ = {isa = PBXFileReference; lastKnownFileType = text.plist.xml; path = Info.plist; sourceTree = "<group>"; };
		3EB05D3124EEAFDC00B33C4E /* Complex InterfaceTests.xctest */ = {isa = PBXFileReference; explicitFileType = wrapper.cfbundle; includeInIndex = 0; path = "Complex InterfaceTests.xctest"; sourceTree = BUILT_PRODUCTS_DIR; };
		3EB05D3524EEAFDC00B33C4E /* Complex_InterfaceTests.swift */ = {isa = PBXFileReference; lastKnownFileType = sourcecode.swift; path = Complex_InterfaceTests.swift; sourceTree = "<group>"; };
		3EB05D3724EEAFDC00B33C4E /* Info.plist */ = {isa = PBXFileReference; lastKnownFileType = text.plist.xml; path = Info.plist; sourceTree = "<group>"; };
		3EB05D3C24EEAFDC00B33C4E /* Complex InterfaceUITests.xctest */ = {isa = PBXFileReference; explicitFileType = wrapper.cfbundle; includeInIndex = 0; path = "Complex InterfaceUITests.xctest"; sourceTree = BUILT_PRODUCTS_DIR; };
		3EB05D4024EEAFDC00B33C4E /* Complex_InterfaceUITests.swift */ = {isa = PBXFileReference; lastKnownFileType = sourcecode.swift; path = Complex_InterfaceUITests.swift; sourceTree = "<group>"; };
		3EB05D4224EEAFDC00B33C4E /* Info.plist */ = {isa = PBXFileReference; lastKnownFileType = text.plist.xml; path = Info.plist; sourceTree = "<group>"; };
		3EB05D4E24EEB07A00B33C4E /* CategoryHome.swift */ = {isa = PBXFileReference; lastKnownFileType = sourcecode.swift; path = CategoryHome.swift; sourceTree = "<group>"; };
		3EB05D5124EEB33E00B33C4E /* Landmark.swift */ = {isa = PBXFileReference; lastKnownFileType = sourcecode.swift; path = Landmark.swift; sourceTree = "<group>"; };
		3EB05D5324EEB36500B33C4E /* Data.swift */ = {isa = PBXFileReference; lastKnownFileType = sourcecode.swift; path = Data.swift; sourceTree = "<group>"; };
		3EB05D5524EEB38500B33C4E /* UserData.swift */ = {isa = PBXFileReference; lastKnownFileType = sourcecode.swift; path = UserData.swift; sourceTree = "<group>"; };
		3EB05D5924EEB8B000B33C4E /* CircleImage.swift */ = {isa = PBXFileReference; lastKnownFileType = sourcecode.swift; path = CircleImage.swift; sourceTree = "<group>"; };
		3EB05D5B24EEB8D000B33C4E /* MapView.swift */ = {isa = PBXFileReference; lastKnownFileType = sourcecode.swift; path = MapView.swift; sourceTree = "<group>"; };
		3EB05D5D24EEB8EF00B33C4E /* LandmarkList.swift */ = {isa = PBXFileReference; lastKnownFileType = sourcecode.swift; path = LandmarkList.swift; sourceTree = "<group>"; };
		3EB05D5F24EEB91500B33C4E /* LandmarkRow.swift */ = {isa = PBXFileReference; lastKnownFileType = sourcecode.swift; path = LandmarkRow.swift; sourceTree = "<group>"; };
		3EB05D6124EEB93200B33C4E /* LandmarkDetail.swift */ = {isa = PBXFileReference; lastKnownFileType = sourcecode.swift; path = LandmarkDetail.swift; sourceTree = "<group>"; };
		3EB05D6424EEB97000B33C4E /* landmarkData.json */ = {isa = PBXFileReference; lastKnownFileType = text.json; path = landmarkData.json; sourceTree = "<group>"; };
		3EB05D6824EEBB0B00B33C4E /* CategoryRow.swift */ = {isa = PBXFileReference; lastKnownFileType = sourcecode.swift; path = CategoryRow.swift; sourceTree = "<group>"; };
		3EB05D6A24EEC24600B33C4E /* hiddenlake.jpg */ = {isa = PBXFileReference; lastKnownFileType = image.jpeg; name = hiddenlake.jpg; path = ../../../../../../../../Downloads/hiddenlake.jpg; sourceTree = "<group>"; };
		3EB05D6B24EEC24600B33C4E /* chilkoottrail.jpg */ = {isa = PBXFileReference; lastKnownFileType = image.jpeg; name = chilkoottrail.jpg; path = ../../../../../../../../Downloads/chilkoottrail.jpg; sourceTree = "<group>"; };
		3EB05D6C24EEC24600B33C4E /* rainbowlake.jpg */ = {isa = PBXFileReference; lastKnownFileType = image.jpeg; name = rainbowlake.jpg; path = ../../../../../../../../Downloads/rainbowlake.jpg; sourceTree = "<group>"; };
		3EB05D6D24EEC24600B33C4E /* charleyrivers.jpg */ = {isa = PBXFileReference; lastKnownFileType = image.jpeg; name = charleyrivers.jpg; path = ../../../../../../../../Downloads/charleyrivers.jpg; sourceTree = "<group>"; };
		3EB05D6E24EEC24600B33C4E /* silversalmoncreek.jpg */ = {isa = PBXFileReference; lastKnownFileType = image.jpeg; name = silversalmoncreek.jpg; path = ../../../../../../../../Downloads/silversalmoncreek.jpg; sourceTree = "<group>"; };
		3EB05D6F24EEC24600B33C4E /* umbagog.jpg */ = {isa = PBXFileReference; lastKnownFileType = image.jpeg; name = umbagog.jpg; path = ../../../../../../../../Downloads/umbagog.jpg; sourceTree = "<group>"; };
		3EB05D7024EEC24600B33C4E /* stmarylake.jpg */ = {isa = PBXFileReference; lastKnownFileType = image.jpeg; name = stmarylake.jpg; path = ../../../../../../../../Downloads/stmarylake.jpg; sourceTree = "<group>"; };
		3EB05D7124EEC24600B33C4E /* icybay.jpg */ = {isa = PBXFileReference; lastKnownFileType = image.jpeg; name = icybay.jpg; path = ../../../../../../../../Downloads/icybay.jpg; sourceTree = "<group>"; };
		3EB05D7224EEC24600B33C4E /* chincoteague.jpg */ = {isa = PBXFileReference; lastKnownFileType = image.jpeg; name = chincoteague.jpg; path = ../../../../../../../../Downloads/chincoteague.jpg; sourceTree = "<group>"; };
		3EB05D7324EEC24600B33C4E /* twinlake.jpg */ = {isa = PBXFileReference; lastKnownFileType = image.jpeg; name = twinlake.jpg; path = ../../../../../../../../Downloads/twinlake.jpg; sourceTree = "<group>"; };
		3EB05D7424EEC24600B33C4E /* turtlerock.jpg */ = {isa = PBXFileReference; lastKnownFileType = image.jpeg; name = turtlerock.jpg; path = ../../../../../../../../Downloads/turtlerock.jpg; sourceTree = "<group>"; };
		3EB05D7524EEC24700B33C4E /* lakemcdonald.jpg */ = {isa = PBXFileReference; lastKnownFileType = image.jpeg; name = lakemcdonald.jpg; path = ../../../../../../../../Downloads/lakemcdonald.jpg; sourceTree = "<group>"; };
/* End PBXFileReference section */

/* Begin PBXFrameworksBuildPhase section */
		3EB05D1824EEAFDA00B33C4E /* Frameworks */ = {
			isa = PBXFrameworksBuildPhase;
			buildActionMask = 2147483647;
			files = (
			);
			runOnlyForDeploymentPostprocessing = 0;
		};
		3EB05D2E24EEAFDC00B33C4E /* Frameworks */ = {
			isa = PBXFrameworksBuildPhase;
			buildActionMask = 2147483647;
			files = (
			);
			runOnlyForDeploymentPostprocessing = 0;
		};
		3EB05D3924EEAFDC00B33C4E /* Frameworks */ = {
			isa = PBXFrameworksBuildPhase;
			buildActionMask = 2147483647;
			files = (
			);
			runOnlyForDeploymentPostprocessing = 0;
		};
/* End PBXFrameworksBuildPhase section */

/* Begin PBXGroup section */
		3EB05D1224EEAFDA00B33C4E = {
			isa = PBXGroup;
			children = (
				3EB05D1D24EEAFDA00B33C4E /* Complex Interface */,
				3EB05D3424EEAFDC00B33C4E /* Complex InterfaceTests */,
				3EB05D3F24EEAFDC00B33C4E /* Complex InterfaceUITests */,
				3EB05D1C24EEAFDA00B33C4E /* Products */,
			);
			sourceTree = "<group>";
		};
		3EB05D1C24EEAFDA00B33C4E /* Products */ = {
			isa = PBXGroup;
			children = (
				3EB05D1B24EEAFDA00B33C4E /* Complex Interface.app */,
				3EB05D3124EEAFDC00B33C4E /* Complex InterfaceTests.xctest */,
				3EB05D3C24EEAFDC00B33C4E /* Complex InterfaceUITests.xctest */,
			);
			name = Products;
			sourceTree = "<group>";
		};
		3EB05D1D24EEAFDA00B33C4E /* Complex Interface */ = {
			isa = PBXGroup;
			children = (
				3EB05D6724EEBAF400B33C4E /* Category */,
				3EB05D6624EEBA0700B33C4E /* Delegates */,
				3EB05D5824EEB88500B33C4E /* Landmark Views */,
				3EB05D5024EEB31100B33C4E /* Models */,
				3EB05D5724EEB87B00B33C4E /* Supporting Views */,
				3EB05D6324EEB95600B33C4E /* Resources */,
				3EB05D2924EEAFDC00B33C4E /* LaunchScreen.storyboard */,
				3EB05D2C24EEAFDC00B33C4E /* Info.plist */,
				3EB05D2424EEAFDC00B33C4E /* Assets.xcassets */,
				3EB05D2624EEAFDC00B33C4E /* Preview Content */,
			);
			path = "Complex Interface";
			sourceTree = "<group>";
		};
		3EB05D2624EEAFDC00B33C4E /* Preview Content */ = {
			isa = PBXGroup;
			children = (
				3EB05D2724EEAFDC00B33C4E /* Preview Assets.xcassets */,
			);
			path = "Preview Content";
			sourceTree = "<group>";
		};
		3EB05D3424EEAFDC00B33C4E /* Complex InterfaceTests */ = {
			isa = PBXGroup;
			children = (
				3EB05D3524EEAFDC00B33C4E /* Complex_InterfaceTests.swift */,
				3EB05D3724EEAFDC00B33C4E /* Info.plist */,
			);
			path = "Complex InterfaceTests";
			sourceTree = "<group>";
		};
		3EB05D3F24EEAFDC00B33C4E /* Complex InterfaceUITests */ = {
			isa = PBXGroup;
			children = (
				3EB05D4024EEAFDC00B33C4E /* Complex_InterfaceUITests.swift */,
				3EB05D4224EEAFDC00B33C4E /* Info.plist */,
			);
			path = "Complex InterfaceUITests";
			sourceTree = "<group>";
		};
		3EB05D5024EEB31100B33C4E /* Models */ = {
			isa = PBXGroup;
			children = (
				3EB05D5124EEB33E00B33C4E /* Landmark.swift */,
				3EB05D5324EEB36500B33C4E /* Data.swift */,
				3EB05D5524EEB38500B33C4E /* UserData.swift */,
			);
			path = Models;
			sourceTree = "<group>";
		};
		3EB05D5724EEB87B00B33C4E /* Supporting Views */ = {
			isa = PBXGroup;
			children = (
				3EB05D5924EEB8B000B33C4E /* CircleImage.swift */,
				3EB05D5B24EEB8D000B33C4E /* MapView.swift */,
			);
			path = "Supporting Views";
			sourceTree = "<group>";
		};
		3EB05D5824EEB88500B33C4E /* Landmark Views */ = {
			isa = PBXGroup;
			children = (
				3EB05D5D24EEB8EF00B33C4E /* LandmarkList.swift */,
				3EB05D5F24EEB91500B33C4E /* LandmarkRow.swift */,
				3EB05D6124EEB93200B33C4E /* LandmarkDetail.swift */,
			);
			path = "Landmark Views";
			sourceTree = "<group>";
		};
		3EB05D6324EEB95600B33C4E /* Resources */ = {
			isa = PBXGroup;
			children = (
				3EB05D6D24EEC24600B33C4E /* charleyrivers.jpg */,
				3EB05D6B24EEC24600B33C4E /* chilkoottrail.jpg */,
				3EB05D7224EEC24600B33C4E /* chincoteague.jpg */,
				3EB05D6A24EEC24600B33C4E /* hiddenlake.jpg */,
				3EB05D7124EEC24600B33C4E /* icybay.jpg */,
				3EB05D7524EEC24700B33C4E /* lakemcdonald.jpg */,
				3EB05D6C24EEC24600B33C4E /* rainbowlake.jpg */,
				3EB05D6E24EEC24600B33C4E /* silversalmoncreek.jpg */,
				3EB05D7024EEC24600B33C4E /* stmarylake.jpg */,
				3EB05D7424EEC24600B33C4E /* turtlerock.jpg */,
				3EB05D7324EEC24600B33C4E /* twinlake.jpg */,
				3EB05D6F24EEC24600B33C4E /* umbagog.jpg */,
				3EB05D6424EEB97000B33C4E /* landmarkData.json */,
			);
			path = Resources;
			sourceTree = "<group>";
		};
		3EB05D6624EEBA0700B33C4E /* Delegates */ = {
			isa = PBXGroup;
			children = (
				3EB05D1E24EEAFDA00B33C4E /* AppDelegate.swift */,
				3EB05D2024EEAFDA00B33C4E /* SceneDelegate.swift */,
			);
			path = Delegates;
			sourceTree = "<group>";
		};
		3EB05D6724EEBAF400B33C4E /* Category */ = {
			isa = PBXGroup;
			children = (
				3EB05D4E24EEB07A00B33C4E /* CategoryHome.swift */,
				3EB05D6824EEBB0B00B33C4E /* CategoryRow.swift */,
			);
			path = Category;
			sourceTree = "<group>";
		};
/* End PBXGroup section */

/* Begin PBXNativeTarget section */
		3EB05D1A24EEAFDA00B33C4E /* Complex Interface */ = {
			isa = PBXNativeTarget;
			buildConfigurationList = 3EB05D4524EEAFDC00B33C4E /* Build configuration list for PBXNativeTarget "Complex Interface" */;
			buildPhases = (
				3EB05D1724EEAFDA00B33C4E /* Sources */,
				3EB05D1824EEAFDA00B33C4E /* Frameworks */,
				3EB05D1924EEAFDA00B33C4E /* Resources */,
			);
			buildRules = (
			);
			dependencies = (
			);
			name = "Complex Interface";
			productName = "Complex Interface";
			productReference = 3EB05D1B24EEAFDA00B33C4E /* Complex Interface.app */;
			productType = "com.apple.product-type.application";
		};
		3EB05D3024EEAFDC00B33C4E /* Complex InterfaceTests */ = {
			isa = PBXNativeTarget;
			buildConfigurationList = 3EB05D4824EEAFDC00B33C4E /* Build configuration list for PBXNativeTarget "Complex InterfaceTests" */;
			buildPhases = (
				3EB05D2D24EEAFDC00B33C4E /* Sources */,
				3EB05D2E24EEAFDC00B33C4E /* Frameworks */,
				3EB05D2F24EEAFDC00B33C4E /* Resources */,
			);
			buildRules = (
			);
			dependencies = (
				3EB05D3324EEAFDC00B33C4E /* PBXTargetDependency */,
			);
			name = "Complex InterfaceTests";
			productName = "Complex InterfaceTests";
			productReference = 3EB05D3124EEAFDC00B33C4E /* Complex InterfaceTests.xctest */;
			productType = "com.apple.product-type.bundle.unit-test";
		};
		3EB05D3B24EEAFDC00B33C4E /* Complex InterfaceUITests */ = {
			isa = PBXNativeTarget;
			buildConfigurationList = 3EB05D4B24EEAFDC00B33C4E /* Build configuration list for PBXNativeTarget "Complex InterfaceUITests" */;
			buildPhases = (
				3EB05D3824EEAFDC00B33C4E /* Sources */,
				3EB05D3924EEAFDC00B33C4E /* Frameworks */,
				3EB05D3A24EEAFDC00B33C4E /* Resources */,
			);
			buildRules = (
			);
			dependencies = (
				3EB05D3E24EEAFDC00B33C4E /* PBXTargetDependency */,
			);
			name = "Complex InterfaceUITests";
			productName = "Complex InterfaceUITests";
			productReference = 3EB05D3C24EEAFDC00B33C4E /* Complex InterfaceUITests.xctest */;
			productType = "com.apple.product-type.bundle.ui-testing";
		};
/* End PBXNativeTarget section */

/* Begin PBXProject section */
		3EB05D1324EEAFDA00B33C4E /* Project object */ = {
			isa = PBXProject;
			attributes = {
				LastSwiftUpdateCheck = 1160;
				LastUpgradeCheck = 1160;
				ORGANIZATIONNAME = "Matheus Andrade";
				TargetAttributes = {
					3EB05D1A24EEAFDA00B33C4E = {
						CreatedOnToolsVersion = 11.6;
					};
					3EB05D3024EEAFDC00B33C4E = {
						CreatedOnToolsVersion = 11.6;
						TestTargetID = 3EB05D1A24EEAFDA00B33C4E;
					};
					3EB05D3B24EEAFDC00B33C4E = {
						CreatedOnToolsVersion = 11.6;
						TestTargetID = 3EB05D1A24EEAFDA00B33C4E;
					};
				};
			};
			buildConfigurationList = 3EB05D1624EEAFDA00B33C4E /* Build configuration list for PBXProject "Complex Interface" */;
			compatibilityVersion = "Xcode 9.3";
			developmentRegion = en;
			hasScannedForEncodings = 0;
			knownRegions = (
				en,
				Base,
			);
			mainGroup = 3EB05D1224EEAFDA00B33C4E;
			productRefGroup = 3EB05D1C24EEAFDA00B33C4E /* Products */;
			projectDirPath = "";
			projectRoot = "";
			targets = (
				3EB05D1A24EEAFDA00B33C4E /* Complex Interface */,
				3EB05D3024EEAFDC00B33C4E /* Complex InterfaceTests */,
				3EB05D3B24EEAFDC00B33C4E /* Complex InterfaceUITests */,
			);
		};
/* End PBXProject section */

/* Begin PBXResourcesBuildPhase section */
		3EB05D1924EEAFDA00B33C4E /* Resources */ = {
			isa = PBXResourcesBuildPhase;
			buildActionMask = 2147483647;
			files = (
				3EB05D7824EEC24700B33C4E /* rainbowlake.jpg in Resources */,
				3EB05D2B24EEAFDC00B33C4E /* LaunchScreen.storyboard in Resources */,
				3EB05D7724EEC24700B33C4E /* chilkoottrail.jpg in Resources */,
				3EB05D7A24EEC24700B33C4E /* silversalmoncreek.jpg in Resources */,
				3EB05D7F24EEC24700B33C4E /* twinlake.jpg in Resources */,
				3EB05D7B24EEC24700B33C4E /* umbagog.jpg in Resources */,
				3EB05D7E24EEC24700B33C4E /* chincoteague.jpg in Resources */,
				3EB05D7924EEC24700B33C4E /* charleyrivers.jpg in Resources */,
				3EB05D6524EEB97000B33C4E /* landmarkData.json in Resources */,
				3EB05D2824EEAFDC00B33C4E /* Preview Assets.xcassets in Resources */,
				3EB05D7624EEC24700B33C4E /* hiddenlake.jpg in Resources */,
				3EB05D7C24EEC24700B33C4E /* stmarylake.jpg in Resources */,
				3EB05D7D24EEC24700B33C4E /* icybay.jpg in Resources */,
				3EB05D2524EEAFDC00B33C4E /* Assets.xcassets in Resources */,
				3EB05D8124EEC24700B33C4E /* lakemcdonald.jpg in Resources */,
				3EB05D8024EEC24700B33C4E /* turtlerock.jpg in Resources */,
			);
			runOnlyForDeploymentPostprocessing = 0;
		};
		3EB05D2F24EEAFDC00B33C4E /* Resources */ = {
			isa = PBXResourcesBuildPhase;
			buildActionMask = 2147483647;
			files = (
			);
			runOnlyForDeploymentPostprocessing = 0;
		};
		3EB05D3A24EEAFDC00B33C4E /* Resources */ = {
			isa = PBXResourcesBuildPhase;
			buildActionMask = 2147483647;
			files = (
			);
			runOnlyForDeploymentPostprocessing = 0;
		};
/* End PBXResourcesBuildPhase section */

/* Begin PBXSourcesBuildPhase section */
		3EB05D1724EEAFDA00B33C4E /* Sources */ = {
			isa = PBXSourcesBuildPhase;
			buildActionMask = 2147483647;
			files = (
				3EB05D4F24EEB07A00B33C4E /* CategoryHome.swift in Sources */,
				3EB05D5A24EEB8B000B33C4E /* CircleImage.swift in Sources */,
				3EB05D5424EEB36500B33C4E /* Data.swift in Sources */,
				3EB05D5624EEB38500B33C4E /* UserData.swift in Sources */,
				3EB05D6224EEB93200B33C4E /* LandmarkDetail.swift in Sources */,
				3EB05D1F24EEAFDA00B33C4E /* AppDelegate.swift in Sources */,
				3EB05D2124EEAFDA00B33C4E /* SceneDelegate.swift in Sources */,
				3EB05D5C24EEB8D000B33C4E /* MapView.swift in Sources */,
				3EB05D6024EEB91500B33C4E /* LandmarkRow.swift in Sources */,
				3EB05D5224EEB33E00B33C4E /* Landmark.swift in Sources */,
				3EB05D6924EEBB0B00B33C4E /* CategoryRow.swift in Sources */,
				3EB05D5E24EEB8EF00B33C4E /* LandmarkList.swift in Sources */,
			);
			runOnlyForDeploymentPostprocessing = 0;
		};
		3EB05D2D24EEAFDC00B33C4E /* Sources */ = {
			isa = PBXSourcesBuildPhase;
			buildActionMask = 2147483647;
			files = (
				3EB05D3624EEAFDC00B33C4E /* Complex_InterfaceTests.swift in Sources */,
			);
			runOnlyForDeploymentPostprocessing = 0;
		};
		3EB05D3824EEAFDC00B33C4E /* Sources */ = {
			isa = PBXSourcesBuildPhase;
			buildActionMask = 2147483647;
			files = (
				3EB05D4124EEAFDC00B33C4E /* Complex_InterfaceUITests.swift in Sources */,
			);
			runOnlyForDeploymentPostprocessing = 0;
		};
/* End PBXSourcesBuildPhase section */

/* Begin PBXTargetDependency section */
		3EB05D3324EEAFDC00B33C4E /* PBXTargetDependency */ = {
			isa = PBXTargetDependency;
			target = 3EB05D1A24EEAFDA00B33C4E /* Complex Interface */;
			targetProxy = 3EB05D3224EEAFDC00B33C4E /* PBXContainerItemProxy */;
		};
		3EB05D3E24EEAFDC00B33C4E /* PBXTargetDependency */ = {
			isa = PBXTargetDependency;
			target = 3EB05D1A24EEAFDA00B33C4E /* Complex Interface */;
			targetProxy = 3EB05D3D24EEAFDC00B33C4E /* PBXContainerItemProxy */;
		};
/* End PBXTargetDependency section */

/* Begin PBXVariantGroup section */
		3EB05D2924EEAFDC00B33C4E /* LaunchScreen.storyboard */ = {
			isa = PBXVariantGroup;
			children = (
				3EB05D2A24EEAFDC00B33C4E /* Base */,
			);
			name = LaunchScreen.storyboard;
			sourceTree = "<group>";
		};
/* End PBXVariantGroup section */

/* Begin XCBuildConfiguration section */
		3EB05D4324EEAFDC00B33C4E /* Debug */ = {
			isa = XCBuildConfiguration;
			buildSettings = {
				ALWAYS_SEARCH_USER_PATHS = NO;
				CLANG_ANALYZER_NONNULL = YES;
				CLANG_ANALYZER_NUMBER_OBJECT_CONVERSION = YES_AGGRESSIVE;
				CLANG_CXX_LANGUAGE_STANDARD = "gnu++14";
				CLANG_CXX_LIBRARY = "libc++";
				CLANG_ENABLE_MODULES = YES;
				CLANG_ENABLE_OBJC_ARC = YES;
				CLANG_ENABLE_OBJC_WEAK = YES;
				CLANG_WARN_BLOCK_CAPTURE_AUTORELEASING = YES;
				CLANG_WARN_BOOL_CONVERSION = YES;
				CLANG_WARN_COMMA = YES;
				CLANG_WARN_CONSTANT_CONVERSION = YES;
				CLANG_WARN_DEPRECATED_OBJC_IMPLEMENTATIONS = YES;
				CLANG_WARN_DIRECT_OBJC_ISA_USAGE = YES_ERROR;
				CLANG_WARN_DOCUMENTATION_COMMENTS = YES;
				CLANG_WARN_EMPTY_BODY = YES;
				CLANG_WARN_ENUM_CONVERSION = YES;
				CLANG_WARN_INFINITE_RECURSION = YES;
				CLANG_WARN_INT_CONVERSION = YES;
				CLANG_WARN_NON_LITERAL_NULL_CONVERSION = YES;
				CLANG_WARN_OBJC_IMPLICIT_RETAIN_SELF = YES;
				CLANG_WARN_OBJC_LITERAL_CONVERSION = YES;
				CLANG_WARN_OBJC_ROOT_CLASS = YES_ERROR;
				CLANG_WARN_RANGE_LOOP_ANALYSIS = YES;
				CLANG_WARN_STRICT_PROTOTYPES = YES;
				CLANG_WARN_SUSPICIOUS_MOVE = YES;
				CLANG_WARN_UNGUARDED_AVAILABILITY = YES_AGGRESSIVE;
				CLANG_WARN_UNREACHABLE_CODE = YES;
				CLANG_WARN__DUPLICATE_METHOD_MATCH = YES;
				COPY_PHASE_STRIP = NO;
				DEBUG_INFORMATION_FORMAT = dwarf;
				ENABLE_STRICT_OBJC_MSGSEND = YES;
				ENABLE_TESTABILITY = YES;
				GCC_C_LANGUAGE_STANDARD = gnu11;
				GCC_DYNAMIC_NO_PIC = NO;
				GCC_NO_COMMON_BLOCKS = YES;
				GCC_OPTIMIZATION_LEVEL = 0;
				GCC_PREPROCESSOR_DEFINITIONS = (
					"DEBUG=1",
					"$(inherited)",
				);
				GCC_WARN_64_TO_32_BIT_CONVERSION = YES;
				GCC_WARN_ABOUT_RETURN_TYPE = YES_ERROR;
				GCC_WARN_UNDECLARED_SELECTOR = YES;
				GCC_WARN_UNINITIALIZED_AUTOS = YES_AGGRESSIVE;
				GCC_WARN_UNUSED_FUNCTION = YES;
				GCC_WARN_UNUSED_VARIABLE = YES;
				IPHONEOS_DEPLOYMENT_TARGET = 13.6;
				MTL_ENABLE_DEBUG_INFO = INCLUDE_SOURCE;
				MTL_FAST_MATH = YES;
				ONLY_ACTIVE_ARCH = YES;
				SDKROOT = iphoneos;
				SWIFT_ACTIVE_COMPILATION_CONDITIONS = DEBUG;
				SWIFT_OPTIMIZATION_LEVEL = "-Onone";
			};
			name = Debug;
		};
		3EB05D4424EEAFDC00B33C4E /* Release */ = {
			isa = XCBuildConfiguration;
			buildSettings = {
				ALWAYS_SEARCH_USER_PATHS = NO;
				CLANG_ANALYZER_NONNULL = YES;
				CLANG_ANALYZER_NUMBER_OBJECT_CONVERSION = YES_AGGRESSIVE;
				CLANG_CXX_LANGUAGE_STANDARD = "gnu++14";
				CLANG_CXX_LIBRARY = "libc++";
				CLANG_ENABLE_MODULES = YES;
				CLANG_ENABLE_OBJC_ARC = YES;
				CLANG_ENABLE_OBJC_WEAK = YES;
				CLANG_WARN_BLOCK_CAPTURE_AUTORELEASING = YES;
				CLANG_WARN_BOOL_CONVERSION = YES;
				CLANG_WARN_COMMA = YES;
				CLANG_WARN_CONSTANT_CONVERSION = YES;
				CLANG_WARN_DEPRECATED_OBJC_IMPLEMENTATIONS = YES;
				CLANG_WARN_DIRECT_OBJC_ISA_USAGE = YES_ERROR;
				CLANG_WARN_DOCUMENTATION_COMMENTS = YES;
				CLANG_WARN_EMPTY_BODY = YES;
				CLANG_WARN_ENUM_CONVERSION = YES;
				CLANG_WARN_INFINITE_RECURSION = YES;
				CLANG_WARN_INT_CONVERSION = YES;
				CLANG_WARN_NON_LITERAL_NULL_CONVERSION = YES;
				CLANG_WARN_OBJC_IMPLICIT_RETAIN_SELF = YES;
				CLANG_WARN_OBJC_LITERAL_CONVERSION = YES;
				CLANG_WARN_OBJC_ROOT_CLASS = YES_ERROR;
				CLANG_WARN_RANGE_LOOP_ANALYSIS = YES;
				CLANG_WARN_STRICT_PROTOTYPES = YES;
				CLANG_WARN_SUSPICIOUS_MOVE = YES;
				CLANG_WARN_UNGUARDED_AVAILABILITY = YES_AGGRESSIVE;
				CLANG_WARN_UNREACHABLE_CODE = YES;
				CLANG_WARN__DUPLICATE_METHOD_MATCH = YES;
				COPY_PHASE_STRIP = NO;
				DEBUG_INFORMATION_FORMAT = "dwarf-with-dsym";
				ENABLE_NS_ASSERTIONS = NO;
				ENABLE_STRICT_OBJC_MSGSEND = YES;
				GCC_C_LANGUAGE_STANDARD = gnu11;
				GCC_NO_COMMON_BLOCKS = YES;
				GCC_WARN_64_TO_32_BIT_CONVERSION = YES;
				GCC_WARN_ABOUT_RETURN_TYPE = YES_ERROR;
				GCC_WARN_UNDECLARED_SELECTOR = YES;
				GCC_WARN_UNINITIALIZED_AUTOS = YES_AGGRESSIVE;
				GCC_WARN_UNUSED_FUNCTION = YES;
				GCC_WARN_UNUSED_VARIABLE = YES;
				IPHONEOS_DEPLOYMENT_TARGET = 13.6;
				MTL_ENABLE_DEBUG_INFO = NO;
				MTL_FAST_MATH = YES;
				SDKROOT = iphoneos;
				SWIFT_COMPILATION_MODE = wholemodule;
				SWIFT_OPTIMIZATION_LEVEL = "-O";
				VALIDATE_PRODUCT = YES;
			};
			name = Release;
		};
		3EB05D4624EEAFDC00B33C4E /* Debug */ = {
			isa = XCBuildConfiguration;
			buildSettings = {
				ASSETCATALOG_COMPILER_APPICON_NAME = AppIcon;
				CODE_SIGN_STYLE = Automatic;
				DEVELOPMENT_ASSET_PATHS = "\"Complex Interface/Preview Content\"";
				DEVELOPMENT_TEAM = FTH34SW9QV;
				ENABLE_PREVIEWS = YES;
				INFOPLIST_FILE = "Complex Interface/Info.plist";
				LD_RUNPATH_SEARCH_PATHS = (
					"$(inherited)",
					"@executable_path/Frameworks",
				);
				PRODUCT_BUNDLE_IDENTIFIER = "Apple-Developer-Academy.Complex-Interface";
				PRODUCT_NAME = "$(TARGET_NAME)";
				SWIFT_VERSION = 5.0;
				TARGETED_DEVICE_FAMILY = "1,2";
			};
			name = Debug;
		};
		3EB05D4724EEAFDC00B33C4E /* Release */ = {
			isa = XCBuildConfiguration;
			buildSettings = {
				ASSETCATALOG_COMPILER_APPICON_NAME = AppIcon;
				CODE_SIGN_STYLE = Automatic;
				DEVELOPMENT_ASSET_PATHS = "\"Complex Interface/Preview Content\"";
				DEVELOPMENT_TEAM = FTH34SW9QV;
				ENABLE_PREVIEWS = YES;
				INFOPLIST_FILE = "Complex Interface/Info.plist";
				LD_RUNPATH_SEARCH_PATHS = (
					"$(inherited)",
					"@executable_path/Frameworks",
				);
				PRODUCT_BUNDLE_IDENTIFIER = "Apple-Developer-Academy.Complex-Interface";
				PRODUCT_NAME = "$(TARGET_NAME)";
				SWIFT_VERSION = 5.0;
				TARGETED_DEVICE_FAMILY = "1,2";
			};
			name = Release;
		};
		3EB05D4924EEAFDC00B33C4E /* Debug */ = {
			isa = XCBuildConfiguration;
			buildSettings = {
				ALWAYS_EMBED_SWIFT_STANDARD_LIBRARIES = YES;
				BUNDLE_LOADER = "$(TEST_HOST)";
				CODE_SIGN_STYLE = Automatic;
				DEVELOPMENT_TEAM = FTH34SW9QV;
				INFOPLIST_FILE = "Complex InterfaceTests/Info.plist";
				IPHONEOS_DEPLOYMENT_TARGET = 13.6;
				LD_RUNPATH_SEARCH_PATHS = (
					"$(inherited)",
					"@executable_path/Frameworks",
					"@loader_path/Frameworks",
				);
				PRODUCT_BUNDLE_IDENTIFIER = "Apple-Developer-Academy.Complex-InterfaceTests";
				PRODUCT_NAME = "$(TARGET_NAME)";
				SWIFT_VERSION = 5.0;
				TARGETED_DEVICE_FAMILY = "1,2";
				TEST_HOST = "$(BUILT_PRODUCTS_DIR)/Complex Interface.app/Complex Interface";
			};
			name = Debug;
		};
		3EB05D4A24EEAFDC00B33C4E /* Release */ = {
			isa = XCBuildConfiguration;
			buildSettings = {
				ALWAYS_EMBED_SWIFT_STANDARD_LIBRARIES = YES;
				BUNDLE_LOADER = "$(TEST_HOST)";
				CODE_SIGN_STYLE = Automatic;
				DEVELOPMENT_TEAM = FTH34SW9QV;
				INFOPLIST_FILE = "Complex InterfaceTests/Info.plist";
				IPHONEOS_DEPLOYMENT_TARGET = 13.6;
				LD_RUNPATH_SEARCH_PATHS = (
					"$(inherited)",
					"@executable_path/Frameworks",
					"@loader_path/Frameworks",
				);
				PRODUCT_BUNDLE_IDENTIFIER = "Apple-Developer-Academy.Complex-InterfaceTests";
				PRODUCT_NAME = "$(TARGET_NAME)";
				SWIFT_VERSION = 5.0;
				TARGETED_DEVICE_FAMILY = "1,2";
				TEST_HOST = "$(BUILT_PRODUCTS_DIR)/Complex Interface.app/Complex Interface";
			};
			name = Release;
		};
		3EB05D4C24EEAFDC00B33C4E /* Debug */ = {
			isa = XCBuildConfiguration;
			buildSettings = {
				ALWAYS_EMBED_SWIFT_STANDARD_LIBRARIES = YES;
				CODE_SIGN_STYLE = Automatic;
				DEVELOPMENT_TEAM = FTH34SW9QV;
				INFOPLIST_FILE = "Complex InterfaceUITests/Info.plist";
				LD_RUNPATH_SEARCH_PATHS = (
					"$(inherited)",
					"@executable_path/Frameworks",
					"@loader_path/Frameworks",
				);
				PRODUCT_BUNDLE_IDENTIFIER = "Apple-Developer-Academy.Complex-InterfaceUITests";
				PRODUCT_NAME = "$(TARGET_NAME)";
				SWIFT_VERSION = 5.0;
				TARGETED_DEVICE_FAMILY = "1,2";
				TEST_TARGET_NAME = "Complex Interface";
			};
			name = Debug;
		};
		3EB05D4D24EEAFDC00B33C4E /* Release */ = {
			isa = XCBuildConfiguration;
			buildSettings = {
				ALWAYS_EMBED_SWIFT_STANDARD_LIBRARIES = YES;
				CODE_SIGN_STYLE = Automatic;
				DEVELOPMENT_TEAM = FTH34SW9QV;
				INFOPLIST_FILE = "Complex InterfaceUITests/Info.plist";
				LD_RUNPATH_SEARCH_PATHS = (
					"$(inherited)",
					"@executable_path/Frameworks",
					"@loader_path/Frameworks",
				);
				PRODUCT_BUNDLE_IDENTIFIER = "Apple-Developer-Academy.Complex-InterfaceUITests";
				PRODUCT_NAME = "$(TARGET_NAME)";
				SWIFT_VERSION = 5.0;
				TARGETED_DEVICE_FAMILY = "1,2";
				TEST_TARGET_NAME = "Complex Interface";
			};
			name = Release;
		};
/* End XCBuildConfiguration section */

/* Begin XCConfigurationList section */
		3EB05D1624EEAFDA00B33C4E /* Build configuration list for PBXProject "Complex Interface" */ = {
			isa = XCConfigurationList;
			buildConfigurations = (
				3EB05D4324EEAFDC00B33C4E /* Debug */,
				3EB05D4424EEAFDC00B33C4E /* Release */,
			);
			defaultConfigurationIsVisible = 0;
			defaultConfigurationName = Release;
		};
		3EB05D4524EEAFDC00B33C4E /* Build configuration list for PBXNativeTarget "Complex Interface" */ = {
			isa = XCConfigurationList;
			buildConfigurations = (
				3EB05D4624EEAFDC00B33C4E /* Debug */,
				3EB05D4724EEAFDC00B33C4E /* Release */,
			);
			defaultConfigurationIsVisible = 0;
			defaultConfigurationName = Release;
		};
		3EB05D4824EEAFDC00B33C4E /* Build configuration list for PBXNativeTarget "Complex InterfaceTests" */ = {
			isa = XCConfigurationList;
			buildConfigurations = (
				3EB05D4924EEAFDC00B33C4E /* Debug */,
				3EB05D4A24EEAFDC00B33C4E /* Release */,
			);
			defaultConfigurationIsVisible = 0;
			defaultConfigurationName = Release;
		};
		3EB05D4B24EEAFDC00B33C4E /* Build configuration list for PBXNativeTarget "Complex InterfaceUITests" */ = {
			isa = XCConfigurationList;
			buildConfigurations = (
				3EB05D4C24EEAFDC00B33C4E /* Debug */,
				3EB05D4D24EEAFDC00B33C4E /* Release */,
			);
			defaultConfigurationIsVisible = 0;
			defaultConfigurationName = Release;
		};
/* End XCConfigurationList section */
	};
	rootObject = 3EB05D1324EEAFDA00B33C4E /* Project object */;
}
